{
  "version": 4,
  "terraform_version": "1.3.9",
  "serial": 508,
  "lineage": "852b572a-bcc4-4ee9-6dba-b8560667f310",
  "outputs": {
    "Bastion_host_pub": {
      "value": "158.160.9.63",
      "type": "string"
    },
    "elastic": {
      "value": "192.168.12.31",
      "type": "string"
    },
    "grafana": {
      "value": "192.168.14.30",
      "type": "string"
    },
    "grafana_pub": {
      "value": "158.160.26.79",
      "type": "string"
    },
    "kibana": {
      "value": "192.168.14.34",
      "type": "string"
    },
    "kibana_pub": {
      "value": "51.250.105.14",
      "type": "string"
    },
    "load_balancer_pub": {
      "value": [
        {
          "address": "158.160.59.209"
        }
      ],
      "type": [
        "list",
        [
          "object",
          {
            "address": "string"
          }
        ]
      ]
    },
    "prom": {
      "value": "192.168.12.33",
      "type": "string"
    },
    "web-1": {
      "value": "192.168.10.31",
      "type": "string"
    },
    "web-2": {
      "value": "192.168.11.17",
      "type": "string"
    }
  },
  "resources": [
    {
      "mode": "managed",
      "type": "yandex_alb_backend_group",
      "name": "web-servers",
      "provider": "provider[\"registry.terraform.io/yandex-cloud/yandex\"]",
      "instances": [
        {
          "schema_version": 0,
          "attributes": {
            "created_at": "2023-07-31T04:27:34Z",
            "description": "",
            "folder_id": "b1g7l8ost873t9a9r3g3",
            "grpc_backend": [],
            "http_backend": [
              {
                "healthcheck": [
                  {
                    "grpc_healthcheck": [],
                    "healthcheck_port": 0,
                    "healthy_threshold": 0,
                    "http_healthcheck": [
                      {
                        "host": "",
                        "http2": false,
                        "path": "/"
                      }
                    ],
                    "interval": "1s",
                    "interval_jitter_percent": 0,
                    "stream_healthcheck": [],
                    "timeout": "1s",
                    "unhealthy_threshold": 0
                  }
                ],
                "http2": false,
                "load_balancing_config": [],
                "name": "web-servers",
                "port": 80,
                "storage_bucket": "",
                "target_group_ids": [
                  "ds7fdkbrn74t9io3504a"
                ],
                "tls": [],
                "weight": 1
              }
            ],
            "id": "ds7g9kpqmt279uu8ugop",
            "labels": null,
            "name": "",
            "session_affinity": [],
            "stream_backend": [],
            "timeouts": null
          },
          "sensitive_attributes": [],
          "private": "eyJlMmJmYjczMC1lY2FhLTExZTYtOGY4OC0zNDM2M2JjN2M0YzAiOnsiY3JlYXRlIjozMDAwMDAwMDAwMDAsImRlbGV0ZSI6MzAwMDAwMDAwMDAwLCJ1cGRhdGUiOjMwMDAwMDAwMDAwMH19",
          "dependencies": [
            "yandex_alb_target_group.web",
            "yandex_compute_instance.server-1",
            "yandex_compute_instance.server-2",
            "yandex_vpc_network.diplom",
            "yandex_vpc_subnet.subnet-1",
            "yandex_vpc_subnet.subnet-2"
          ]
        }
      ]
    },
    {
      "mode": "managed",
      "type": "yandex_alb_http_router",
      "name": "router",
      "provider": "provider[\"registry.terraform.io/yandex-cloud/yandex\"]",
      "instances": [
        {
          "schema_version": 0,
          "attributes": {
            "created_at": "2023-07-31T04:26:52Z",
            "description": "",
            "folder_id": "b1g7l8ost873t9a9r3g3",
            "id": "ds7bcmsnstkshdl31c42",
            "labels": null,
            "name": "web-servers-router",
            "route_options": [],
            "timeouts": null
          },
          "sensitive_attributes": [],
          "private": "eyJlMmJmYjczMC1lY2FhLTExZTYtOGY4OC0zNDM2M2JjN2M0YzAiOnsiY3JlYXRlIjozMDAwMDAwMDAwMDAsImRlbGV0ZSI6MzAwMDAwMDAwMDAwLCJ1cGRhdGUiOjMwMDAwMDAwMDAwMH19"
        }
      ]
    },
    {
      "mode": "managed",
      "type": "yandex_alb_load_balancer",
      "name": "app-lb",
      "provider": "provider[\"registry.terraform.io/yandex-cloud/yandex\"]",
      "instances": [
        {
          "schema_version": 0,
          "attributes": {
            "allocation_policy": [
              {
                "location": [
                  {
                    "disable_traffic": false,
                    "subnet_id": "e2lbv3jd1uts23ashj9t",
                    "zone_id": "ru-central1-b"
                  }
                ]
              }
            ],
            "created_at": "2023-07-31T04:26:53Z",
            "description": "",
            "folder_id": "b1g7l8ost873t9a9r3g3",
            "id": "ds7en91s3n8g545l8eg7",
            "labels": null,
            "listener": [
              {
                "endpoint": [
                  {
                    "address": [
                      {
                        "external_ipv4_address": [
                          {
                            "address": "158.160.59.209"
                          }
                        ],
                        "external_ipv6_address": [],
                        "internal_ipv4_address": []
                      }
                    ],
                    "ports": [
                      80
                    ]
                  }
                ],
                "http": [
                  {
                    "handler": [
                      {
                        "allow_http10": false,
                        "http2_options": [],
                        "http_router_id": "ds7bcmsnstkshdl31c42",
                        "rewrite_request_id": false
                      }
                    ],
                    "redirects": []
                  }
                ],
                "name": "listener-1",
                "stream": [],
                "tls": []
              }
            ],
            "log_group_id": "ckgh43leri43mskpag7n",
            "log_options": [],
            "name": "app-lb",
            "network_id": "enp80vcgk0rke5h26b4t",
            "region_id": "",
            "security_group_ids": null,
            "status": "active",
            "timeouts": null
          },
          "sensitive_attributes": [],
          "private": "eyJlMmJmYjczMC1lY2FhLTExZTYtOGY4OC0zNDM2M2JjN2M0YzAiOnsiY3JlYXRlIjo2MDAwMDAwMDAwMDAsImRlbGV0ZSI6NjAwMDAwMDAwMDAwLCJ1cGRhdGUiOjYwMDAwMDAwMDAwMH19",
          "dependencies": [
            "yandex_alb_http_router.router",
            "yandex_vpc_network.diplom",
            "yandex_vpc_subnet.subnet-5"
          ]
        }
      ]
    },
    {
      "mode": "managed",
      "type": "yandex_alb_target_group",
      "name": "web",
      "provider": "provider[\"registry.terraform.io/yandex-cloud/yandex\"]",
      "instances": [
        {
          "schema_version": 0,
          "attributes": {
            "created_at": "2023-07-31T04:27:34Z",
            "description": "",
            "folder_id": "b1g7l8ost873t9a9r3g3",
            "id": "ds7fdkbrn74t9io3504a",
            "labels": null,
            "name": "web",
            "target": [
              {
                "ip_address": "192.168.10.31",
                "private_ipv4_address": false,
                "subnet_id": "e9b8odmjg49r7go3jmla"
              },
              {
                "ip_address": "192.168.11.17",
                "private_ipv4_address": false,
                "subnet_id": "e2lc20k31rdqqmmrlhjh"
              }
            ],
            "timeouts": null
          },
          "sensitive_attributes": [],
          "private": "eyJlMmJmYjczMC1lY2FhLTExZTYtOGY4OC0zNDM2M2JjN2M0YzAiOnsiY3JlYXRlIjozMDAwMDAwMDAwMDAsImRlbGV0ZSI6MzAwMDAwMDAwMDAwLCJ1cGRhdGUiOjMwMDAwMDAwMDAwMH19",
          "dependencies": [
            "yandex_compute_instance.server-1",
            "yandex_compute_instance.server-2",
            "yandex_vpc_network.diplom",
            "yandex_vpc_subnet.subnet-1",
            "yandex_vpc_subnet.subnet-2"
          ]
        }
      ]
    },
    {
      "mode": "managed",
      "type": "yandex_alb_virtual_host",
      "name": "virtual-host",
      "provider": "provider[\"registry.terraform.io/yandex-cloud/yandex\"]",
      "instances": [
        {
          "schema_version": 0,
          "attributes": {
            "authority": null,
            "http_router_id": "ds7bcmsnstkshdl31c42",
            "id": "ds7bcmsnstkshdl31c42/web-servers-router-virtual-host",
            "modify_request_headers": [],
            "modify_response_headers": [],
            "name": "web-servers-router-virtual-host",
            "route": [
              {
                "grpc_route": [],
                "http_route": [
                  {
                    "direct_response_action": [],
                    "http_match": [],
                    "http_route_action": [
                      {
                        "auto_host_rewrite": false,
                        "backend_group_id": "ds7g9kpqmt279uu8ugop",
                        "host_rewrite": "",
                        "idle_timeout": "",
                        "prefix_rewrite": "",
                        "timeout": "",
                        "upgrade_types": null
                      }
                    ],
                    "redirect_action": []
                  }
                ],
                "name": "my-route",
                "route_options": []
              }
            ],
            "route_options": [],
            "timeouts": null
          },
          "sensitive_attributes": [],
          "private": "eyJlMmJmYjczMC1lY2FhLTExZTYtOGY4OC0zNDM2M2JjN2M0YzAiOnsiY3JlYXRlIjozMDAwMDAwMDAwMDAsImRlbGV0ZSI6MzAwMDAwMDAwMDAwLCJ1cGRhdGUiOjMwMDAwMDAwMDAwMH19",
          "dependencies": [
            "yandex_alb_backend_group.web-servers",
            "yandex_alb_http_router.router",
            "yandex_alb_target_group.web",
            "yandex_compute_instance.server-1",
            "yandex_compute_instance.server-2",
            "yandex_vpc_network.diplom",
            "yandex_vpc_subnet.subnet-1",
            "yandex_vpc_subnet.subnet-2"
          ]
        }
      ]
    },
    {
      "mode": "managed",
      "type": "yandex_compute_instance",
      "name": "bastion",
      "provider": "provider[\"registry.terraform.io/yandex-cloud/yandex\"]",
      "instances": [
        {
          "schema_version": 1,
          "attributes": {
            "allow_recreate": null,
            "allow_stopping_for_update": null,
            "boot_disk": [
              {
                "auto_delete": true,
                "device_name": "epd4ke2j0ub6tnp74nqp",
                "disk_id": "epd4ke2j0ub6tnp74nqp",
                "initialize_params": [
                  {
                    "block_size": 4096,
                    "description": "",
                    "image_id": "fd8oshj0osht8svg6rfs",
                    "name": "",
                    "size": 3,
                    "snapshot_id": "",
                    "type": "network-hdd"
                  }
                ],
                "mode": "READ_WRITE"
              }
            ],
            "created_at": "2023-07-31T04:26:54Z",
            "description": "",
            "filesystem": [],
            "folder_id": "b1g7l8ost873t9a9r3g3",
            "fqdn": "epddcjghl80ek265ttuh.auto.internal",
            "gpu_cluster_id": "",
            "hostname": "",
            "id": "epddcjghl80ek265ttuh",
            "labels": null,
            "local_disk": [],
            "metadata": {
              "user-data": "#cloud-config\n disable_root: true\n timezone: Europe/Moscow\n repo_update: true\n package_update: true\n package_upgrade: true\n apt:\n   preserve_sources_list: true\n packages:\n  - ansible\n  - git\n runcmd:\n\n users:\n  - name: golpa\n    groups: sudo\n    shell: /bin/bash\n    sudo: ['ALL=(ALL) NOPASSWD:ALL']\n    ssh-authorized-keys:\n      - ssh-rsa AAAAB3NzaC1yc2EAAAADAQABAAABgQC08CZafmwhOejaF/aDJBhWPT6KJeZ1vLVd+rryu7oMl3v7yLAgtMJca5tDI61cv+KA3V4fGi9YeTRUiWeXvvU47xbADb9GXslaA4aM1jj9SjBWXfcUyQFxCVlv/IE/u7o9c0spSzH3QFHMYBrTU912p9LQz8J23+mj0Xsloxz911AqMZVsjyhNIEqJPUWkmOjzjMzcqP5HThmEOEVkoveDmOgVU/20jZEHQsgOAgg66tWzH15AvwIWfjzLihABXQBSGsWnSxfgeGpQkfOBREWbwpsDXHEmg6vGdDhX1r34CPC33YqA9WMeJo+a+mafKEdUBT0gcjehj1lpN4BZC39CaFFLOeithukg1fXtrgAmPwEMxkV+hfb3JBc8kXD688Rw/hyOMRHbqChAerjPjSQnUdB/ulHLIVxnCeb9LSrUcpPxUD8GF8jHF9TRx5Yu9McY7RoBT3V834fCOD1ggOZ1OVnID1Hk3v3DYOialWJf7ZwoUnZBzd051oE5vIPMx70= golpa@#cloud-config\n\n chpasswd:\n   list: |\n     golpa:admin\n   expire: False "
            },
            "metadata_options": [
              {
                "aws_v1_http_endpoint": 1,
                "aws_v1_http_token": 2,
                "gce_http_endpoint": 1,
                "gce_http_token": 1
              }
            ],
            "name": "bastion",
            "network_acceleration_type": "standard",
            "network_interface": [
              {
                "dns_record": [],
                "index": 0,
                "ip_address": "192.168.14.14",
                "ipv4": true,
                "ipv6": false,
                "ipv6_address": "",
                "ipv6_dns_record": [],
                "mac_address": "d0:0d:d6:4e:11:aa",
                "nat": true,
                "nat_dns_record": [],
                "nat_ip_address": "158.160.9.63",
                "nat_ip_version": "IPV4",
                "security_group_ids": [],
                "subnet_id": "e2lbv3jd1uts23ashj9t"
              }
            ],
            "placement_policy": [
              {
                "host_affinity_rules": [],
                "placement_group_id": ""
              }
            ],
            "platform_id": "standard-v1",
            "resources": [
              {
                "core_fraction": 20,
                "cores": 2,
                "gpus": 0,
                "memory": 2
              }
            ],
            "scheduling_policy": [
              {
                "preemptible": false
              }
            ],
            "secondary_disk": [],
            "service_account_id": "",
            "status": "running",
            "timeouts": null,
            "zone": "ru-central1-b"
          },
          "sensitive_attributes": [],
          "private": "eyJlMmJmYjczMC1lY2FhLTExZTYtOGY4OC0zNDM2M2JjN2M0YzAiOnsiY3JlYXRlIjozMDAwMDAwMDAwMDAsImRlbGV0ZSI6MzAwMDAwMDAwMDAwLCJ1cGRhdGUiOjMwMDAwMDAwMDAwMH0sInNjaGVtYV92ZXJzaW9uIjoiMSJ9",
          "dependencies": [
            "yandex_vpc_network.diplom",
            "yandex_vpc_subnet.subnet-5"
          ]
        }
      ]
    },
    {
      "mode": "managed",
      "type": "yandex_compute_instance",
      "name": "elasticsearch",
      "provider": "provider[\"registry.terraform.io/yandex-cloud/yandex\"]",
      "instances": [
        {
          "schema_version": 1,
          "attributes": {
            "allow_recreate": null,
            "allow_stopping_for_update": null,
            "boot_disk": [
              {
                "auto_delete": true,
                "device_name": "epd57mg84sdpb7a3lt7l",
                "disk_id": "epd57mg84sdpb7a3lt7l",
                "initialize_params": [
                  {
                    "block_size": 4096,
                    "description": "",
                    "image_id": "fd8oshj0osht8svg6rfs",
                    "name": "",
                    "size": 15,
                    "snapshot_id": "",
                    "type": "network-hdd"
                  }
                ],
                "mode": "READ_WRITE"
              }
            ],
            "created_at": "2023-07-31T04:26:55Z",
            "description": "",
            "filesystem": [],
            "folder_id": "b1g7l8ost873t9a9r3g3",
            "fqdn": "epdp8b7li7s7l7qvtehg.auto.internal",
            "gpu_cluster_id": "",
            "hostname": "",
            "id": "epdp8b7li7s7l7qvtehg",
            "labels": null,
            "local_disk": [],
            "metadata": {
              "user-data": "#cloud-config\n disable_root: true\n timezone: Europe/Moscow\n repo_update: true\n package_update: true\n package_upgrade: true\n apt:\n   preserve_sources_list: true\n packages:\n  - nginx\n  - prometheus-node-exporter  \n  - prometheus-elasticsearch-exporter\n users:\n  - name: golpa\n    groups: sudo\n    shell: /bin/bash\n    sudo: ['ALL=(ALL) NOPASSWD:ALL']\n    ssh-authorized-keys:\n      - ssh-rsa AAAAB3NzaC1yc2EAAAADAQABAAABgQC08CZafmwhOejaF/aDJBhWPT6KJeZ1vLVd+rryu7oMl3v7yLAgtMJca5tDI61cv+KA3V4fGi9YeTRUiWeXvvU47xbADb9GXslaA4aM1jj9SjBWXfcUyQFxCVlv/IE/u7o9c0spSzH3QFHMYBrTU912p9LQz8J23+mj0Xsloxz911AqMZVsjyhNIEqJPUWkmOjzjMzcqP5HThmEOEVkoveDmOgVU/20jZEHQsgOAgg66tWzH15AvwIWfjzLihABXQBSGsWnSxfgeGpQkfOBREWbwpsDXHEmg6vGdDhX1r34CPC33YqA9WMeJo+a+mafKEdUBT0gcjehj1lpN4BZC39CaFFLOeithukg1fXtrgAmPwEMxkV+hfb3JBc8kXD688Rw/hyOMRHbqChAerjPjSQnUdB/ulHLIVxnCeb9LSrUcpPxUD8GF8jHF9TRx5Yu9McY7RoBT3V834fCOD1ggOZ1OVnID1Hk3v3DYOialWJf7ZwoUnZBzd051oE5vIPMx70= golpa@#cloud-config\n \n chpasswd:\n   list: |\n     golpa:admin\n     root:admin\n   expire: False "
            },
            "metadata_options": [
              {
                "aws_v1_http_endpoint": 1,
                "aws_v1_http_token": 2,
                "gce_http_endpoint": 1,
                "gce_http_token": 1
              }
            ],
            "name": "elasticsearch",
            "network_acceleration_type": "standard",
            "network_interface": [
              {
                "dns_record": [],
                "index": 0,
                "ip_address": "192.168.12.31",
                "ipv4": true,
                "ipv6": false,
                "ipv6_address": "",
                "ipv6_dns_record": [],
                "mac_address": "d0:0d:19:42:cf:59",
                "nat": true,
                "nat_dns_record": [],
                "nat_ip_address": "84.252.139.126",
                "nat_ip_version": "IPV4",
                "security_group_ids": [],
                "subnet_id": "e2l5tkhapt0kc63ugl26"
              }
            ],
            "placement_policy": [
              {
                "host_affinity_rules": [],
                "placement_group_id": ""
              }
            ],
            "platform_id": "standard-v1",
            "resources": [
              {
                "core_fraction": 20,
                "cores": 2,
                "gpus": 0,
                "memory": 4
              }
            ],
            "scheduling_policy": [
              {
                "preemptible": false
              }
            ],
            "secondary_disk": [],
            "service_account_id": "",
            "status": "running",
            "timeouts": null,
            "zone": "ru-central1-b"
          },
          "sensitive_attributes": [],
          "private": "eyJlMmJmYjczMC1lY2FhLTExZTYtOGY4OC0zNDM2M2JjN2M0YzAiOnsiY3JlYXRlIjozMDAwMDAwMDAwMDAsImRlbGV0ZSI6MzAwMDAwMDAwMDAwLCJ1cGRhdGUiOjMwMDAwMDAwMDAwMH0sInNjaGVtYV92ZXJzaW9uIjoiMSJ9",
          "dependencies": [
            "yandex_vpc_network.diplom",
            "yandex_vpc_subnet.subnet-3"
          ]
        }
      ]
    },
    {
      "mode": "managed",
      "type": "yandex_compute_instance",
      "name": "grafana",
      "provider": "provider[\"registry.terraform.io/yandex-cloud/yandex\"]",
      "instances": [
        {
          "schema_version": 1,
          "attributes": {
            "allow_recreate": null,
            "allow_stopping_for_update": null,
            "boot_disk": [
              {
                "auto_delete": true,
                "device_name": "epd9i6k7vnaf408ouhoq",
                "disk_id": "epd9i6k7vnaf408ouhoq",
                "initialize_params": [
                  {
                    "block_size": 4096,
                    "description": "",
                    "image_id": "fd8oshj0osht8svg6rfs",
                    "name": "",
                    "size": 3,
                    "snapshot_id": "",
                    "type": "network-hdd"
                  }
                ],
                "mode": "READ_WRITE"
              }
            ],
            "created_at": "2023-07-31T04:26:54Z",
            "description": "",
            "filesystem": [],
            "folder_id": "b1g7l8ost873t9a9r3g3",
            "fqdn": "epdt00pb1dbsn3g35brf.auto.internal",
            "gpu_cluster_id": "",
            "hostname": "",
            "id": "epdt00pb1dbsn3g35brf",
            "labels": null,
            "local_disk": [],
            "metadata": {
              "user-data": "#cloud-config\n disable_root: true\n timezone: Europe/Moscow\n repo_update: true\n package_update: true\n package_upgrade: true\n apt:\n   preserve_sources_list: true\n packages:\n  - prometheus-node-exporter  \n\n users:\n  - name: golpa\n    groups: sudo\n    shell: /bin/bash\n    sudo: ['ALL=(ALL) NOPASSWD:ALL']\n    ssh-authorized-keys:\n      - ssh-rsa AAAAB3NzaC1yc2EAAAADAQABAAABgQC08CZafmwhOejaF/aDJBhWPT6KJeZ1vLVd+rryu7oMl3v7yLAgtMJca5tDI61cv+KA3V4fGi9YeTRUiWeXvvU47xbADb9GXslaA4aM1jj9SjBWXfcUyQFxCVlv/IE/u7o9c0spSzH3QFHMYBrTU912p9LQz8J23+mj0Xsloxz911AqMZVsjyhNIEqJPUWkmOjzjMzcqP5HThmEOEVkoveDmOgVU/20jZEHQsgOAgg66tWzH15AvwIWfjzLihABXQBSGsWnSxfgeGpQkfOBREWbwpsDXHEmg6vGdDhX1r34CPC33YqA9WMeJo+a+mafKEdUBT0gcjehj1lpN4BZC39CaFFLOeithukg1fXtrgAmPwEMxkV+hfb3JBc8kXD688Rw/hyOMRHbqChAerjPjSQnUdB/ulHLIVxnCeb9LSrUcpPxUD8GF8jHF9TRx5Yu9McY7RoBT3V834fCOD1ggOZ1OVnID1Hk3v3DYOialWJf7ZwoUnZBzd051oE5vIPMx70= golpa@#cloud-config\n users:\n  - name: golpa\n    groups: sudo\n    shell: /bin/bash\n    sudo: ['ALL=(ALL) NOPASSWD:ALL']\n    ssh-authorized-keys:\n      - ssh-rsa AAAAB3NzaC1yc2EAAAADAQABAAABgQC08CZafmwhOejaF/aDJBhWPT6KJeZ1vLVd+rryu7oMl3v7yLAgtMJca5tDI61cv+KA3V4fGi9YeTRUiWeXvvU47xbADb9GXslaA4aM1jj9SjBWXfcUyQFxCVlv/IE/u7o9c0spSzH3QFHMYBrTU912p9LQz8J23+mj0Xsloxz911AqMZVsjyhNIEqJPUWkmOjzjMzcqP5HThmEOEVkoveDmOgVU/20jZEHQsgOAgg66tWzH15AvwIWfjzLihABXQBSGsWnSxfgeGpQkfOBREWbwpsDXHEmg6vGdDhX1r34CPC33YqA9WMeJo+a+mafKEdUBT0gcjehj1lpN4BZC39CaFFLOeithukg1fXtrgAmPwEMxkV+hfb3JBc8kXD688Rw/hyOMRHbqChAerjPjSQnUdB/ulHLIVxnCeb9LSrUcpPxUD8GF8jHF9TRx5Yu9McY7RoBT3V834fCOD1ggOZ1OVnID1Hk3v3DYOialWJf7ZwoUnZBzd051oE5vIPMx70= golpa@DESKTOP-U7UHP4K\n chpasswd:\n   list: |\n     golpa:admin\n   expire: False "
            },
            "metadata_options": [
              {
                "aws_v1_http_endpoint": 1,
                "aws_v1_http_token": 2,
                "gce_http_endpoint": 1,
                "gce_http_token": 1
              }
            ],
            "name": "grafana",
            "network_acceleration_type": "standard",
            "network_interface": [
              {
                "dns_record": [],
                "index": 0,
                "ip_address": "192.168.14.30",
                "ipv4": true,
                "ipv6": false,
                "ipv6_address": "",
                "ipv6_dns_record": [],
                "mac_address": "d0:0d:1d:00:32:b0",
                "nat": true,
                "nat_dns_record": [],
                "nat_ip_address": "158.160.26.79",
                "nat_ip_version": "IPV4",
                "security_group_ids": [],
                "subnet_id": "e2lbv3jd1uts23ashj9t"
              }
            ],
            "placement_policy": [
              {
                "host_affinity_rules": [],
                "placement_group_id": ""
              }
            ],
            "platform_id": "standard-v1",
            "resources": [
              {
                "core_fraction": 20,
                "cores": 2,
                "gpus": 0,
                "memory": 4
              }
            ],
            "scheduling_policy": [
              {
                "preemptible": false
              }
            ],
            "secondary_disk": [],
            "service_account_id": "",
            "status": "running",
            "timeouts": null,
            "zone": "ru-central1-b"
          },
          "sensitive_attributes": [],
          "private": "eyJlMmJmYjczMC1lY2FhLTExZTYtOGY4OC0zNDM2M2JjN2M0YzAiOnsiY3JlYXRlIjozMDAwMDAwMDAwMDAsImRlbGV0ZSI6MzAwMDAwMDAwMDAwLCJ1cGRhdGUiOjMwMDAwMDAwMDAwMH0sInNjaGVtYV92ZXJzaW9uIjoiMSJ9",
          "dependencies": [
            "yandex_vpc_network.diplom",
            "yandex_vpc_subnet.subnet-5"
          ]
        }
      ]
    },
    {
      "mode": "managed",
      "type": "yandex_compute_instance",
      "name": "kibana",
      "provider": "provider[\"registry.terraform.io/yandex-cloud/yandex\"]",
      "instances": [
        {
          "schema_version": 1,
          "attributes": {
            "allow_recreate": null,
            "allow_stopping_for_update": null,
            "boot_disk": [
              {
                "auto_delete": true,
                "device_name": "epd707i91gq7lrb5l1s4",
                "disk_id": "epd707i91gq7lrb5l1s4",
                "initialize_params": [
                  {
                    "block_size": 4096,
                    "description": "",
                    "image_id": "fd8oshj0osht8svg6rfs",
                    "name": "",
                    "size": 10,
                    "snapshot_id": "",
                    "type": "network-hdd"
                  }
                ],
                "mode": "READ_WRITE"
              }
            ],
            "created_at": "2023-07-31T04:26:54Z",
            "description": "",
            "filesystem": [],
            "folder_id": "b1g7l8ost873t9a9r3g3",
            "fqdn": "epdbtnci29k2qem1t15g.auto.internal",
            "gpu_cluster_id": "",
            "hostname": "",
            "id": "epdbtnci29k2qem1t15g",
            "labels": null,
            "local_disk": [],
            "metadata": {
              "user-data": "#cloud-config\n disable_root: true\n timezone: Europe/Moscow\n repo_update: true\n package_update: true\n package_upgrade: true\n apt:\n   preserve_sources_list: true\n packages:\n  - prometheus-node-exporter  \n  - prometheus-elasticsearch-exporter\n users:\n  - name: golpa\n    groups: sudo\n    shell: /bin/bash\n    sudo: ['ALL=(ALL) NOPASSWD:ALL']\n    ssh-authorized-keys:\n      - ssh-rsa AAAAB3NzaC1yc2EAAAADAQABAAABgQC08CZafmwhOejaF/aDJBhWPT6KJeZ1vLVd+rryu7oMl3v7yLAgtMJca5tDI61cv+KA3V4fGi9YeTRUiWeXvvU47xbADb9GXslaA4aM1jj9SjBWXfcUyQFxCVlv/IE/u7o9c0spSzH3QFHMYBrTU912p9LQz8J23+mj0Xsloxz911AqMZVsjyhNIEqJPUWkmOjzjMzcqP5HThmEOEVkoveDmOgVU/20jZEHQsgOAgg66tWzH15AvwIWfjzLihABXQBSGsWnSxfgeGpQkfOBREWbwpsDXHEmg6vGdDhX1r34CPC33YqA9WMeJo+a+mafKEdUBT0gcjehj1lpN4BZC39CaFFLOeithukg1fXtrgAmPwEMxkV+hfb3JBc8kXD688Rw/hyOMRHbqChAerjPjSQnUdB/ulHLIVxnCeb9LSrUcpPxUD8GF8jHF9TRx5Yu9McY7RoBT3V834fCOD1ggOZ1OVnID1Hk3v3DYOialWJf7ZwoUnZBzd051oE5vIPMx70= golpa@#cloud-config\n users:\n  - name: golpa\n    groups: sudo\n    shell: /bin/bash\n    sudo: ['ALL=(ALL) NOPASSWD:ALL']\n    ssh-authorized-keys:\n      - ssh-rsa AAAAB3NzaC1yc2EAAAADAQABAAABgQC08CZafmwhOejaF/aDJBhWPT6KJeZ1vLVd+rryu7oMl3v7yLAgtMJca5tDI61cv+KA3V4fGi9YeTRUiWeXvvU47xbADb9GXslaA4aM1jj9SjBWXfcUyQFxCVlv/IE/u7o9c0spSzH3QFHMYBrTU912p9LQz8J23+mj0Xsloxz911AqMZVsjyhNIEqJPUWkmOjzjMzcqP5HThmEOEVkoveDmOgVU/20jZEHQsgOAgg66tWzH15AvwIWfjzLihABXQBSGsWnSxfgeGpQkfOBREWbwpsDXHEmg6vGdDhX1r34CPC33YqA9WMeJo+a+mafKEdUBT0gcjehj1lpN4BZC39CaFFLOeithukg1fXtrgAmPwEMxkV+hfb3JBc8kXD688Rw/hyOMRHbqChAerjPjSQnUdB/ulHLIVxnCeb9LSrUcpPxUD8GF8jHF9TRx5Yu9McY7RoBT3V834fCOD1ggOZ1OVnID1Hk3v3DYOialWJf7ZwoUnZBzd051oE5vIPMx70= golpa@DESKTOP-U7UHP4K\n chpasswd:\n   list: |\n     golpa:admin\n     root:admin\n   expire: False "
            },
            "metadata_options": [
              {
                "aws_v1_http_endpoint": 1,
                "aws_v1_http_token": 2,
                "gce_http_endpoint": 1,
                "gce_http_token": 1
              }
            ],
            "name": "kibana",
            "network_acceleration_type": "standard",
            "network_interface": [
              {
                "dns_record": [],
                "index": 0,
                "ip_address": "192.168.14.34",
                "ipv4": true,
                "ipv6": false,
                "ipv6_address": "",
                "ipv6_dns_record": [],
                "mac_address": "d0:0d:be:dd:92:12",
                "nat": true,
                "nat_dns_record": [],
                "nat_ip_address": "51.250.105.14",
                "nat_ip_version": "IPV4",
                "security_group_ids": [],
                "subnet_id": "e2lbv3jd1uts23ashj9t"
              }
            ],
            "placement_policy": [
              {
                "host_affinity_rules": [],
                "placement_group_id": ""
              }
            ],
            "platform_id": "standard-v1",
            "resources": [
              {
                "core_fraction": 20,
                "cores": 2,
                "gpus": 0,
                "memory": 4
              }
            ],
            "scheduling_policy": [
              {
                "preemptible": false
              }
            ],
            "secondary_disk": [],
            "service_account_id": "",
            "status": "running",
            "timeouts": null,
            "zone": "ru-central1-b"
          },
          "sensitive_attributes": [],
          "private": "eyJlMmJmYjczMC1lY2FhLTExZTYtOGY4OC0zNDM2M2JjN2M0YzAiOnsiY3JlYXRlIjozMDAwMDAwMDAwMDAsImRlbGV0ZSI6MzAwMDAwMDAwMDAwLCJ1cGRhdGUiOjMwMDAwMDAwMDAwMH0sInNjaGVtYV92ZXJzaW9uIjoiMSJ9",
          "dependencies": [
            "yandex_vpc_network.diplom",
            "yandex_vpc_subnet.subnet-5"
          ]
        }
      ]
    },
    {
      "mode": "managed",
      "type": "yandex_compute_instance",
      "name": "prometheus",
      "provider": "provider[\"registry.terraform.io/yandex-cloud/yandex\"]",
      "instances": [
        {
          "schema_version": 1,
          "attributes": {
            "allow_recreate": null,
            "allow_stopping_for_update": null,
            "boot_disk": [
              {
                "auto_delete": true,
                "device_name": "epd3umlgddh0rami76ql",
                "disk_id": "epd3umlgddh0rami76ql",
                "initialize_params": [
                  {
                    "block_size": 4096,
                    "description": "",
                    "image_id": "fd8oshj0osht8svg6rfs",
                    "name": "",
                    "size": 3,
                    "snapshot_id": "",
                    "type": "network-hdd"
                  }
                ],
                "mode": "READ_WRITE"
              }
            ],
            "created_at": "2023-07-31T04:26:55Z",
            "description": "",
            "filesystem": [],
            "folder_id": "b1g7l8ost873t9a9r3g3",
            "fqdn": "epdo824se1dv0dibshei.auto.internal",
            "gpu_cluster_id": "",
            "hostname": "",
            "id": "epdo824se1dv0dibshei",
            "labels": null,
            "local_disk": [],
            "metadata": {
              "user-data": "#cloud-config\n disable_root: true\n timezone: Europe/Moscow\n repo_update: true\n package_update: true\n package_upgrade: true\n apt:\n   preserve_sources_list: true\n packages:\n  - prometheus\n  - prometheus-node-exporter\n\n users:\n  - name: golpa\n    groups: sudo\n    shell: /bin/bash\n    sudo: ['ALL=(ALL) NOPASSWD:ALL']\n    ssh-authorized-keys:\n      - ssh-rsa AAAAB3NzaC1yc2EAAAADAQABAAABgQC08CZafmwhOejaF/aDJBhWPT6KJeZ1vLVd+rryu7oMl3v7yLAgtMJca5tDI61cv+KA3V4fGi9YeTRUiWeXvvU47xbADb9GXslaA4aM1jj9SjBWXfcUyQFxCVlv/IE/u7o9c0spSzH3QFHMYBrTU912p9LQz8J23+mj0Xsloxz911AqMZVsjyhNIEqJPUWkmOjzjMzcqP5HThmEOEVkoveDmOgVU/20jZEHQsgOAgg66tWzH15AvwIWfjzLihABXQBSGsWnSxfgeGpQkfOBREWbwpsDXHEmg6vGdDhX1r34CPC33YqA9WMeJo+a+mafKEdUBT0gcjehj1lpN4BZC39CaFFLOeithukg1fXtrgAmPwEMxkV+hfb3JBc8kXD688Rw/hyOMRHbqChAerjPjSQnUdB/ulHLIVxnCeb9LSrUcpPxUD8GF8jHF9TRx5Yu9McY7RoBT3V834fCOD1ggOZ1OVnID1Hk3v3DYOialWJf7ZwoUnZBzd051oE5vIPMx70= golpa@#cloud-config\n users:\n  - name: golpa\n    groups: sudo\n    shell: /bin/bash\n    sudo: ['ALL=(ALL) NOPASSWD:ALL']\n    ssh-authorized-keys:\n      - ssh-rsa AAAAB3NzaC1yc2EAAAADAQABAAABgQC08CZafmwhOejaF/aDJBhWPT6KJeZ1vLVd+rryu7oMl3v7yLAgtMJca5tDI61cv+KA3V4fGi9YeTRUiWeXvvU47xbADb9GXslaA4aM1jj9SjBWXfcUyQFxCVlv/IE/u7o9c0spSzH3QFHMYBrTU912p9LQz8J23+mj0Xsloxz911AqMZVsjyhNIEqJPUWkmOjzjMzcqP5HThmEOEVkoveDmOgVU/20jZEHQsgOAgg66tWzH15AvwIWfjzLihABXQBSGsWnSxfgeGpQkfOBREWbwpsDXHEmg6vGdDhX1r34CPC33YqA9WMeJo+a+mafKEdUBT0gcjehj1lpN4BZC39CaFFLOeithukg1fXtrgAmPwEMxkV+hfb3JBc8kXD688Rw/hyOMRHbqChAerjPjSQnUdB/ulHLIVxnCeb9LSrUcpPxUD8GF8jHF9TRx5Yu9McY7RoBT3V834fCOD1ggOZ1OVnID1Hk3v3DYOialWJf7ZwoUnZBzd051oE5vIPMx70= golpa@DESKTOP-U7UHP4K\n chpasswd:\n   list: |\n     golpa:admin\n   expire: False "
            },
            "metadata_options": [
              {
                "aws_v1_http_endpoint": 1,
                "aws_v1_http_token": 2,
                "gce_http_endpoint": 1,
                "gce_http_token": 1
              }
            ],
            "name": "prometheus",
            "network_acceleration_type": "standard",
            "network_interface": [
              {
                "dns_record": [],
                "index": 0,
                "ip_address": "192.168.12.33",
                "ipv4": true,
                "ipv6": false,
                "ipv6_address": "",
                "ipv6_dns_record": [],
                "mac_address": "d0:0d:18:40:89:c7",
                "nat": true,
                "nat_dns_record": [],
                "nat_ip_address": "158.160.30.7",
                "nat_ip_version": "IPV4",
                "security_group_ids": [],
                "subnet_id": "e2l5tkhapt0kc63ugl26"
              }
            ],
            "placement_policy": [
              {
                "host_affinity_rules": [],
                "placement_group_id": ""
              }
            ],
            "platform_id": "standard-v1",
            "resources": [
              {
                "core_fraction": 20,
                "cores": 2,
                "gpus": 0,
                "memory": 4
              }
            ],
            "scheduling_policy": [
              {
                "preemptible": false
              }
            ],
            "secondary_disk": [],
            "service_account_id": "",
            "status": "running",
            "timeouts": null,
            "zone": "ru-central1-b"
          },
          "sensitive_attributes": [],
          "private": "eyJlMmJmYjczMC1lY2FhLTExZTYtOGY4OC0zNDM2M2JjN2M0YzAiOnsiY3JlYXRlIjozMDAwMDAwMDAwMDAsImRlbGV0ZSI6MzAwMDAwMDAwMDAwLCJ1cGRhdGUiOjMwMDAwMDAwMDAwMH0sInNjaGVtYV92ZXJzaW9uIjoiMSJ9",
          "dependencies": [
            "yandex_vpc_network.diplom",
            "yandex_vpc_subnet.subnet-3"
          ]
        }
      ]
    },
    {
      "mode": "managed",
      "type": "yandex_compute_instance",
      "name": "server-1",
      "provider": "provider[\"registry.terraform.io/yandex-cloud/yandex\"]",
      "instances": [
        {
          "schema_version": 1,
          "attributes": {
            "allow_recreate": null,
            "allow_stopping_for_update": null,
            "boot_disk": [
              {
                "auto_delete": true,
                "device_name": "fhmoqtijbc35sq61vaem",
                "disk_id": "fhmoqtijbc35sq61vaem",
                "initialize_params": [
                  {
                    "block_size": 4096,
                    "description": "",
                    "image_id": "fd8oshj0osht8svg6rfs",
                    "name": "",
                    "size": 3,
                    "snapshot_id": "",
                    "type": "network-hdd"
                  }
                ],
                "mode": "READ_WRITE"
              }
            ],
            "created_at": "2023-07-31T04:26:56Z",
            "description": "",
            "filesystem": [],
            "folder_id": "b1g7l8ost873t9a9r3g3",
            "fqdn": "fhmu6tt6kh6kgtt0i68p.auto.internal",
            "gpu_cluster_id": "",
            "hostname": "",
            "id": "fhmu6tt6kh6kgtt0i68p",
            "labels": null,
            "local_disk": [],
            "metadata": {
              "user-data": "#cloud-config\n disable_root: true\n timezone: Europe/Moscow\n repo_update: true\n package_update: true\n package_upgrade: true\n apt:\n   preserve_sources_list: true\n packages:\n  - nginx\n runcmd:\n  - [ systemctl, reload, nginx.service ]\n  - [ systemctl, enable, nginx.service ]\n  - [ systemctl, start, --no-block, nginx.service ]\n users:\n  - name: golpa\n    groups: sudo\n    shell: /bin/bash\n    sudo: ['ALL=(ALL) NOPASSWD:ALL']\n    ssh-authorized-keys:\n      - ssh-rsa AAAAB3NzaC1yc2EAAAADAQABAAABgQC08CZafmwhOejaF/aDJBhWPT6KJeZ1vLVd+rryu7oMl3v7yLAgtMJca5tDI61cv+KA3V4fGi9YeTRUiWeXvvU47xbADb9GXslaA4aM1jj9SjBWXfcUyQFxCVlv/IE/u7o9c0spSzH3QFHMYBrTU912p9LQz8J23+mj0Xsloxz911AqMZVsjyhNIEqJPUWkmOjzjMzcqP5HThmEOEVkoveDmOgVU/20jZEHQsgOAgg66tWzH15AvwIWfjzLihABXQBSGsWnSxfgeGpQkfOBREWbwpsDXHEmg6vGdDhX1r34CPC33YqA9WMeJo+a+mafKEdUBT0gcjehj1lpN4BZC39CaFFLOeithukg1fXtrgAmPwEMxkV+hfb3JBc8kXD688Rw/hyOMRHbqChAerjPjSQnUdB/ulHLIVxnCeb9LSrUcpPxUD8GF8jHF9TRx5Yu9McY7RoBT3V834fCOD1ggOZ1OVnID1Hk3v3DYOialWJf7ZwoUnZBzd051oE5vIPMx70= golpa@#cloud-config\n users:\n  - name: golpa\n    groups: sudo\n    shell: /bin/bash\n    sudo: ['ALL=(ALL) NOPASSWD:ALL']\n    ssh-authorized-keys:\n      - ssh-rsa AAAAB3NzaC1yc2EAAAADAQABAAABgQC08CZafmwhOejaF/aDJBhWPT6KJeZ1vLVd+rryu7oMl3v7yLAgtMJca5tDI61cv+KA3V4fGi9YeTRUiWeXvvU47xbADb9GXslaA4aM1jj9SjBWXfcUyQFxCVlv/IE/u7o9c0spSzH3QFHMYBrTU912p9LQz8J23+mj0Xsloxz911AqMZVsjyhNIEqJPUWkmOjzjMzcqP5HThmEOEVkoveDmOgVU/20jZEHQsgOAgg66tWzH15AvwIWfjzLihABXQBSGsWnSxfgeGpQkfOBREWbwpsDXHEmg6vGdDhX1r34CPC33YqA9WMeJo+a+mafKEdUBT0gcjehj1lpN4BZC39CaFFLOeithukg1fXtrgAmPwEMxkV+hfb3JBc8kXD688Rw/hyOMRHbqChAerjPjSQnUdB/ulHLIVxnCeb9LSrUcpPxUD8GF8jHF9TRx5Yu9McY7RoBT3V834fCOD1ggOZ1OVnID1Hk3v3DYOialWJf7ZwoUnZBzd051oE5vIPMx70= golpa@DESKTOP-U7UHP4K\n chpasswd:\n   list: |\n     golpa:admin\n   expire: False "
            },
            "metadata_options": [
              {
                "aws_v1_http_endpoint": 1,
                "aws_v1_http_token": 2,
                "gce_http_endpoint": 1,
                "gce_http_token": 1
              }
            ],
            "name": "server-1",
            "network_acceleration_type": "standard",
            "network_interface": [
              {
                "dns_record": [],
                "index": 0,
                "ip_address": "192.168.10.31",
                "ipv4": true,
                "ipv6": false,
                "ipv6_address": "",
                "ipv6_dns_record": [],
                "mac_address": "d0:0d:1e:37:7a:6a",
                "nat": true,
                "nat_dns_record": [],
                "nat_ip_address": "158.160.35.27",
                "nat_ip_version": "IPV4",
                "security_group_ids": [],
                "subnet_id": "e9b8odmjg49r7go3jmla"
              }
            ],
            "placement_policy": [
              {
                "host_affinity_rules": [],
                "placement_group_id": ""
              }
            ],
            "platform_id": "standard-v1",
            "resources": [
              {
                "core_fraction": 20,
                "cores": 2,
                "gpus": 0,
                "memory": 2
              }
            ],
            "scheduling_policy": [
              {
                "preemptible": false
              }
            ],
            "secondary_disk": [],
            "service_account_id": "",
            "status": "running",
            "timeouts": null,
            "zone": "ru-central1-a"
          },
          "sensitive_attributes": [],
          "private": "eyJlMmJmYjczMC1lY2FhLTExZTYtOGY4OC0zNDM2M2JjN2M0YzAiOnsiY3JlYXRlIjozMDAwMDAwMDAwMDAsImRlbGV0ZSI6MzAwMDAwMDAwMDAwLCJ1cGRhdGUiOjMwMDAwMDAwMDAwMH0sInNjaGVtYV92ZXJzaW9uIjoiMSJ9",
          "dependencies": [
            "yandex_vpc_network.diplom",
            "yandex_vpc_subnet.subnet-1"
          ]
        }
      ]
    },
    {
      "mode": "managed",
      "type": "yandex_compute_instance",
      "name": "server-2",
      "provider": "provider[\"registry.terraform.io/yandex-cloud/yandex\"]",
      "instances": [
        {
          "schema_version": 1,
          "attributes": {
            "allow_recreate": null,
            "allow_stopping_for_update": null,
            "boot_disk": [
              {
                "auto_delete": true,
                "device_name": "epdn85sdpqtpsqktb38u",
                "disk_id": "epdn85sdpqtpsqktb38u",
                "initialize_params": [
                  {
                    "block_size": 4096,
                    "description": "",
                    "image_id": "fd8oshj0osht8svg6rfs",
                    "name": "",
                    "size": 3,
                    "snapshot_id": "",
                    "type": "network-hdd"
                  }
                ],
                "mode": "READ_WRITE"
              }
            ],
            "created_at": "2023-07-31T04:26:55Z",
            "description": "",
            "filesystem": [],
            "folder_id": "b1g7l8ost873t9a9r3g3",
            "fqdn": "epd3if6slb7vk5t2slod.auto.internal",
            "gpu_cluster_id": "",
            "hostname": "",
            "id": "epd3if6slb7vk5t2slod",
            "labels": null,
            "local_disk": [],
            "metadata": {
              "user-data": "#cloud-config\n disable_root: true\n timezone: Europe/Moscow\n repo_update: true\n package_update: true\n package_upgrade: true\n apt:\n   preserve_sources_list: true\n packages:\n  - nginx\n runcmd:\n  - [ systemctl, reload, nginx.service ]\n  - [ systemctl, enable, nginx.service ]\n  - [ systemctl, start, --no-block, nginx.service ]\n users:\n  - name: golpa\n    groups: sudo\n    shell: /bin/bash\n    sudo: ['ALL=(ALL) NOPASSWD:ALL']\n    ssh-authorized-keys:\n      - ssh-rsa AAAAB3NzaC1yc2EAAAADAQABAAABgQC08CZafmwhOejaF/aDJBhWPT6KJeZ1vLVd+rryu7oMl3v7yLAgtMJca5tDI61cv+KA3V4fGi9YeTRUiWeXvvU47xbADb9GXslaA4aM1jj9SjBWXfcUyQFxCVlv/IE/u7o9c0spSzH3QFHMYBrTU912p9LQz8J23+mj0Xsloxz911AqMZVsjyhNIEqJPUWkmOjzjMzcqP5HThmEOEVkoveDmOgVU/20jZEHQsgOAgg66tWzH15AvwIWfjzLihABXQBSGsWnSxfgeGpQkfOBREWbwpsDXHEmg6vGdDhX1r34CPC33YqA9WMeJo+a+mafKEdUBT0gcjehj1lpN4BZC39CaFFLOeithukg1fXtrgAmPwEMxkV+hfb3JBc8kXD688Rw/hyOMRHbqChAerjPjSQnUdB/ulHLIVxnCeb9LSrUcpPxUD8GF8jHF9TRx5Yu9McY7RoBT3V834fCOD1ggOZ1OVnID1Hk3v3DYOialWJf7ZwoUnZBzd051oE5vIPMx70= golpa@#cloud-config\n users:\n  - name: golpa\n    groups: sudo\n    shell: /bin/bash\n    sudo: ['ALL=(ALL) NOPASSWD:ALL']\n    ssh-authorized-keys:\n      - ssh-rsa AAAAB3NzaC1yc2EAAAADAQABAAABgQC08CZafmwhOejaF/aDJBhWPT6KJeZ1vLVd+rryu7oMl3v7yLAgtMJca5tDI61cv+KA3V4fGi9YeTRUiWeXvvU47xbADb9GXslaA4aM1jj9SjBWXfcUyQFxCVlv/IE/u7o9c0spSzH3QFHMYBrTU912p9LQz8J23+mj0Xsloxz911AqMZVsjyhNIEqJPUWkmOjzjMzcqP5HThmEOEVkoveDmOgVU/20jZEHQsgOAgg66tWzH15AvwIWfjzLihABXQBSGsWnSxfgeGpQkfOBREWbwpsDXHEmg6vGdDhX1r34CPC33YqA9WMeJo+a+mafKEdUBT0gcjehj1lpN4BZC39CaFFLOeithukg1fXtrgAmPwEMxkV+hfb3JBc8kXD688Rw/hyOMRHbqChAerjPjSQnUdB/ulHLIVxnCeb9LSrUcpPxUD8GF8jHF9TRx5Yu9McY7RoBT3V834fCOD1ggOZ1OVnID1Hk3v3DYOialWJf7ZwoUnZBzd051oE5vIPMx70= golpa@DESKTOP-U7UHP4K\n chpasswd:\n   list: |\n     golpa:admin\n   expire: False "
            },
            "metadata_options": [
              {
                "aws_v1_http_endpoint": 1,
                "aws_v1_http_token": 2,
                "gce_http_endpoint": 1,
                "gce_http_token": 1
              }
            ],
            "name": "server-2",
            "network_acceleration_type": "standard",
            "network_interface": [
              {
                "dns_record": [],
                "index": 0,
                "ip_address": "192.168.11.17",
                "ipv4": true,
                "ipv6": false,
                "ipv6_address": "",
                "ipv6_dns_record": [],
                "mac_address": "d0:0d:39:3c:dc:aa",
                "nat": true,
                "nat_dns_record": [],
                "nat_ip_address": "158.160.3.65",
                "nat_ip_version": "IPV4",
                "security_group_ids": [],
                "subnet_id": "e2lc20k31rdqqmmrlhjh"
              }
            ],
            "placement_policy": [
              {
                "host_affinity_rules": [],
                "placement_group_id": ""
              }
            ],
            "platform_id": "standard-v1",
            "resources": [
              {
                "core_fraction": 20,
                "cores": 2,
                "gpus": 0,
                "memory": 2
              }
            ],
            "scheduling_policy": [
              {
                "preemptible": false
              }
            ],
            "secondary_disk": [],
            "service_account_id": "",
            "status": "running",
            "timeouts": null,
            "zone": "ru-central1-b"
          },
          "sensitive_attributes": [],
          "private": "eyJlMmJmYjczMC1lY2FhLTExZTYtOGY4OC0zNDM2M2JjN2M0YzAiOnsiY3JlYXRlIjozMDAwMDAwMDAwMDAsImRlbGV0ZSI6MzAwMDAwMDAwMDAwLCJ1cGRhdGUiOjMwMDAwMDAwMDAwMH0sInNjaGVtYV92ZXJzaW9uIjoiMSJ9",
          "dependencies": [
            "yandex_vpc_network.diplom",
            "yandex_vpc_subnet.subnet-2"
          ]
        }
      ]
    },
    {
      "mode": "managed",
      "type": "yandex_vpc_network",
      "name": "diplom",
      "provider": "provider[\"registry.terraform.io/yandex-cloud/yandex\"]",
      "instances": [
        {
          "schema_version": 0,
          "attributes": {
            "created_at": "2023-07-31T04:26:52Z",
            "default_security_group_id": "",
            "description": "",
            "folder_id": "b1g7l8ost873t9a9r3g3",
            "id": "enp80vcgk0rke5h26b4t",
            "labels": {},
            "name": "diplom",
            "subnet_ids": [],
            "timeouts": null
          },
          "sensitive_attributes": [],
          "private": "eyJlMmJmYjczMC1lY2FhLTExZTYtOGY4OC0zNDM2M2JjN2M0YzAiOnsiY3JlYXRlIjo2MDAwMDAwMDAwMCwiZGVsZXRlIjo2MDAwMDAwMDAwMCwidXBkYXRlIjo2MDAwMDAwMDAwMH19"
        }
      ]
    },
    {
      "mode": "managed",
      "type": "yandex_vpc_subnet",
      "name": "subnet-1",
      "provider": "provider[\"registry.terraform.io/yandex-cloud/yandex\"]",
      "instances": [
        {
          "schema_version": 0,
          "attributes": {
            "created_at": "2023-07-31T04:26:55Z",
            "description": "",
            "dhcp_options": [],
            "folder_id": "b1g7l8ost873t9a9r3g3",
            "id": "e9b8odmjg49r7go3jmla",
            "labels": {},
            "name": "web-1",
            "network_id": "enp80vcgk0rke5h26b4t",
            "route_table_id": "",
            "timeouts": null,
            "v4_cidr_blocks": [
              "192.168.10.0/24"
            ],
            "v6_cidr_blocks": [],
            "zone": "ru-central1-a"
          },
          "sensitive_attributes": [],
          "private": "eyJlMmJmYjczMC1lY2FhLTExZTYtOGY4OC0zNDM2M2JjN2M0YzAiOnsiY3JlYXRlIjoxODAwMDAwMDAwMDAsImRlbGV0ZSI6MTgwMDAwMDAwMDAwLCJ1cGRhdGUiOjE4MDAwMDAwMDAwMH19",
          "dependencies": [
            "yandex_vpc_network.diplom"
          ]
        }
      ]
    },
    {
      "mode": "managed",
      "type": "yandex_vpc_subnet",
      "name": "subnet-2",
      "provider": "provider[\"registry.terraform.io/yandex-cloud/yandex\"]",
      "instances": [
        {
          "schema_version": 0,
          "attributes": {
            "created_at": "2023-07-31T04:26:53Z",
            "description": "",
            "dhcp_options": [],
            "folder_id": "b1g7l8ost873t9a9r3g3",
            "id": "e2lc20k31rdqqmmrlhjh",
            "labels": {},
            "name": "web-2",
            "network_id": "enp80vcgk0rke5h26b4t",
            "route_table_id": "",
            "timeouts": null,
            "v4_cidr_blocks": [
              "192.168.11.0/24"
            ],
            "v6_cidr_blocks": [],
            "zone": "ru-central1-b"
          },
          "sensitive_attributes": [],
          "private": "eyJlMmJmYjczMC1lY2FhLTExZTYtOGY4OC0zNDM2M2JjN2M0YzAiOnsiY3JlYXRlIjoxODAwMDAwMDAwMDAsImRlbGV0ZSI6MTgwMDAwMDAwMDAwLCJ1cGRhdGUiOjE4MDAwMDAwMDAwMH19",
          "dependencies": [
            "yandex_vpc_network.diplom"
          ]
        }
      ]
    },
    {
      "mode": "managed",
      "type": "yandex_vpc_subnet",
      "name": "subnet-3",
      "provider": "provider[\"registry.terraform.io/yandex-cloud/yandex\"]",
      "instances": [
        {
          "schema_version": 0,
          "attributes": {
            "created_at": "2023-07-31T04:26:54Z",
            "description": "",
            "dhcp_options": [],
            "folder_id": "b1g7l8ost873t9a9r3g3",
            "id": "e2l5tkhapt0kc63ugl26",
            "labels": {},
            "name": "monitoring",
            "network_id": "enp80vcgk0rke5h26b4t",
            "route_table_id": "",
            "timeouts": null,
            "v4_cidr_blocks": [
              "192.168.12.0/24"
            ],
            "v6_cidr_blocks": [],
            "zone": "ru-central1-b"
          },
          "sensitive_attributes": [],
          "private": "eyJlMmJmYjczMC1lY2FhLTExZTYtOGY4OC0zNDM2M2JjN2M0YzAiOnsiY3JlYXRlIjoxODAwMDAwMDAwMDAsImRlbGV0ZSI6MTgwMDAwMDAwMDAwLCJ1cGRhdGUiOjE4MDAwMDAwMDAwMH19",
          "dependencies": [
            "yandex_vpc_network.diplom"
          ]
        }
      ]
    },
    {
      "mode": "managed",
      "type": "yandex_vpc_subnet",
      "name": "subnet-4",
      "provider": "provider[\"registry.terraform.io/yandex-cloud/yandex\"]",
      "instances": [
        {
          "schema_version": 0,
          "attributes": {
            "created_at": "2023-07-31T04:26:54Z",
            "description": "",
            "dhcp_options": [],
            "folder_id": "b1g7l8ost873t9a9r3g3",
            "id": "e2lnikcu5rv78ldj56kb",
            "labels": {},
            "name": "logs",
            "network_id": "enp80vcgk0rke5h26b4t",
            "route_table_id": "",
            "timeouts": null,
            "v4_cidr_blocks": [
              "192.168.13.0/24"
            ],
            "v6_cidr_blocks": [],
            "zone": "ru-central1-b"
          },
          "sensitive_attributes": [],
          "private": "eyJlMmJmYjczMC1lY2FhLTExZTYtOGY4OC0zNDM2M2JjN2M0YzAiOnsiY3JlYXRlIjoxODAwMDAwMDAwMDAsImRlbGV0ZSI6MTgwMDAwMDAwMDAwLCJ1cGRhdGUiOjE4MDAwMDAwMDAwMH19",
          "dependencies": [
            "yandex_vpc_network.diplom"
          ]
        }
      ]
    },
    {
      "mode": "managed",
      "type": "yandex_vpc_subnet",
      "name": "subnet-5",
      "provider": "provider[\"registry.terraform.io/yandex-cloud/yandex\"]",
      "instances": [
        {
          "schema_version": 0,
          "attributes": {
            "created_at": "2023-07-31T04:26:53Z",
            "description": "",
            "dhcp_options": [],
            "folder_id": "b1g7l8ost873t9a9r3g3",
            "id": "e2lbv3jd1uts23ashj9t",
            "labels": {},
            "name": "public",
            "network_id": "enp80vcgk0rke5h26b4t",
            "route_table_id": "",
            "timeouts": null,
            "v4_cidr_blocks": [
              "192.168.14.0/24"
            ],
            "v6_cidr_blocks": [],
            "zone": "ru-central1-b"
          },
          "sensitive_attributes": [],
          "private": "eyJlMmJmYjczMC1lY2FhLTExZTYtOGY4OC0zNDM2M2JjN2M0YzAiOnsiY3JlYXRlIjoxODAwMDAwMDAwMDAsImRlbGV0ZSI6MTgwMDAwMDAwMDAwLCJ1cGRhdGUiOjE4MDAwMDAwMDAwMH19",
          "dependencies": [
            "yandex_vpc_network.diplom"
          ]
        }
      ]
    }
  ],
  "check_results": null
}
